#MicroXplorer Configuration settings - do not modify
ADC1.Channel-0\#ChannelRegularConversion=ADC_CHANNEL_14
ADC1.IPParameters=Rank-0\#ChannelRegularConversion,master,Channel-0\#ChannelRegularConversion,SamplingTime-0\#ChannelRegularConversion,NbrOfConversionFlag
ADC1.NbrOfConversionFlag=1
ADC1.Rank-0\#ChannelRegularConversion=1
ADC1.SamplingTime-0\#ChannelRegularConversion=ADC_SAMPLETIME_1CYCLE_5
ADC1.master=1
CAN.BS1=CAN_BS1_9TQ
CAN.BS2=CAN_BS2_8TQ
CAN.CalculateBaudRate=500000
CAN.CalculateTimeBit=1999.99
CAN.CalculateTimeQuantum=111.11111111111111
CAN.IPParameters=CalculateTimeQuantum,CalculateTimeBit,CalculateBaudRate,Prescaler,BS1,BS2
CAN.Prescaler=4
Dma.Request0=UART4_RX
Dma.Request1=USART2_RX
Dma.Request2=USART2_TX
Dma.Request3=UART4_TX
Dma.Request4=USART3_RX
Dma.Request5=USART3_TX
Dma.RequestsNb=6
Dma.UART4_RX.0.Direction=DMA_PERIPH_TO_MEMORY
Dma.UART4_RX.0.Instance=DMA2_Channel3
Dma.UART4_RX.0.MemDataAlignment=DMA_MDATAALIGN_BYTE
Dma.UART4_RX.0.MemInc=DMA_MINC_ENABLE
Dma.UART4_RX.0.Mode=DMA_CIRCULAR
Dma.UART4_RX.0.PeriphDataAlignment=DMA_PDATAALIGN_BYTE
Dma.UART4_RX.0.PeriphInc=DMA_PINC_DISABLE
Dma.UART4_RX.0.Priority=DMA_PRIORITY_VERY_HIGH
Dma.UART4_RX.0.RequestParameters=Instance,Direction,PeriphInc,MemInc,PeriphDataAlignment,MemDataAlignment,Mode,Priority
Dma.UART4_TX.3.Direction=DMA_MEMORY_TO_PERIPH
Dma.UART4_TX.3.Instance=DMA2_Channel5
Dma.UART4_TX.3.MemDataAlignment=DMA_MDATAALIGN_BYTE
Dma.UART4_TX.3.MemInc=DMA_MINC_ENABLE
Dma.UART4_TX.3.Mode=DMA_NORMAL
Dma.UART4_TX.3.PeriphDataAlignment=DMA_PDATAALIGN_BYTE
Dma.UART4_TX.3.PeriphInc=DMA_PINC_DISABLE
Dma.UART4_TX.3.Priority=DMA_PRIORITY_HIGH
Dma.UART4_TX.3.RequestParameters=Instance,Direction,PeriphInc,MemInc,PeriphDataAlignment,MemDataAlignment,Mode,Priority
Dma.USART2_RX.1.Direction=DMA_PERIPH_TO_MEMORY
Dma.USART2_RX.1.Instance=DMA1_Channel6
Dma.USART2_RX.1.MemDataAlignment=DMA_MDATAALIGN_BYTE
Dma.USART2_RX.1.MemInc=DMA_MINC_ENABLE
Dma.USART2_RX.1.Mode=DMA_NORMAL
Dma.USART2_RX.1.PeriphDataAlignment=DMA_PDATAALIGN_BYTE
Dma.USART2_RX.1.PeriphInc=DMA_PINC_DISABLE
Dma.USART2_RX.1.Priority=DMA_PRIORITY_VERY_HIGH
Dma.USART2_RX.1.RequestParameters=Instance,Direction,PeriphInc,MemInc,PeriphDataAlignment,MemDataAlignment,Mode,Priority
Dma.USART2_TX.2.Direction=DMA_MEMORY_TO_PERIPH
Dma.USART2_TX.2.Instance=DMA1_Channel7
Dma.USART2_TX.2.MemDataAlignment=DMA_MDATAALIGN_BYTE
Dma.USART2_TX.2.MemInc=DMA_MINC_ENABLE
Dma.USART2_TX.2.Mode=DMA_NORMAL
Dma.USART2_TX.2.PeriphDataAlignment=DMA_PDATAALIGN_BYTE
Dma.USART2_TX.2.PeriphInc=DMA_PINC_DISABLE
Dma.USART2_TX.2.Priority=DMA_PRIORITY_VERY_HIGH
Dma.USART2_TX.2.RequestParameters=Instance,Direction,PeriphInc,MemInc,PeriphDataAlignment,MemDataAlignment,Mode,Priority
Dma.USART3_RX.4.Direction=DMA_PERIPH_TO_MEMORY
Dma.USART3_RX.4.Instance=DMA1_Channel3
Dma.USART3_RX.4.MemDataAlignment=DMA_MDATAALIGN_BYTE
Dma.USART3_RX.4.MemInc=DMA_MINC_ENABLE
Dma.USART3_RX.4.Mode=DMA_CIRCULAR
Dma.USART3_RX.4.PeriphDataAlignment=DMA_PDATAALIGN_BYTE
Dma.USART3_RX.4.PeriphInc=DMA_PINC_DISABLE
Dma.USART3_RX.4.Priority=DMA_PRIORITY_HIGH
Dma.USART3_RX.4.RequestParameters=Instance,Direction,PeriphInc,MemInc,PeriphDataAlignment,MemDataAlignment,Mode,Priority
Dma.USART3_TX.5.Direction=DMA_MEMORY_TO_PERIPH
Dma.USART3_TX.5.Instance=DMA1_Channel2
Dma.USART3_TX.5.MemDataAlignment=DMA_MDATAALIGN_BYTE
Dma.USART3_TX.5.MemInc=DMA_MINC_ENABLE
Dma.USART3_TX.5.Mode=DMA_NORMAL
Dma.USART3_TX.5.PeriphDataAlignment=DMA_PDATAALIGN_BYTE
Dma.USART3_TX.5.PeriphInc=DMA_PINC_DISABLE
Dma.USART3_TX.5.Priority=DMA_PRIORITY_HIGH
Dma.USART3_TX.5.RequestParameters=Instance,Direction,PeriphInc,MemInc,PeriphDataAlignment,MemDataAlignment,Mode,Priority
FREERTOS.FootprintOK=true
FREERTOS.INCLUDE_xTaskGetCurrentTaskHandle=1
FREERTOS.IPParameters=Tasks01,INCLUDE_xTaskGetCurrentTaskHandle,FootprintOK,configMAX_TASK_NAME_LEN,configTOTAL_HEAP_SIZE,configGENERATE_RUN_TIME_STATS,configUSE_STATS_FORMATTING_FUNCTIONS
FREERTOS.Tasks01=defaultTask,8,1024,StartDefaultTask,As weak,NULL,Dynamic,NULL,NULL;task_charge,8,256,task_charge_run,As weak,NULL,Static,task_chargeBuffer,task_chargeControlBlock;task_led,8,256,task_led_run,As weak,NULL,Static,task_ledBuffer,task_ledControlBlock;task_digital_tu,8,256,task_digital_tube_run,As weak,NULL,Static,task_digital_tuBuffer,task_digital_tuControlBlock;task_battery,8,256,task_battery_run,As weak,NULL,Static,task_batteryBuffer,task_batteryControlBlock;task_temp,8,256,task_temp_run,As weak,NULL,Static,task_tempBuffer,task_tempControlBlock;task_shell,8,512,task_shell_run,As weak,NULL,Static,task_shellBuffer,task_shellControlBlock;task_ir_38k,8,256,task_ir_38k_run,As weak,NULL,Static,task_ir_38kBuffer,task_ir_38kControlBlock;task_key,8,256,task_key_run,As weak,NULL,Static,task_keyBuffer,task_keyControlBlock;task_workstation_clean,8,256,task_workstation_clean_run,As weak,NULL,Static,task_workstation_cleanBuffer,task_workstation_cleanControlBlock;task_test_mode,8,256,task_test_mode_run,As weak,NULL,Static,task_test_modeBuffer,task_test_modeControlBlock
FREERTOS.configGENERATE_RUN_TIME_STATS=1
FREERTOS.configMAX_TASK_NAME_LEN=32
FREERTOS.configTOTAL_HEAP_SIZE=15000
FREERTOS.configUSE_STATS_FORMATTING_FUNCTIONS=1
File.Version=6
GPIO.groupedBy=Group By Peripherals
IWDG.IPParameters=Prescaler,Reload
IWDG.Prescaler=IWDG_PRESCALER_64
IWDG.Reload=999
KeepUserPlacement=false
Mcu.Family=STM32F1
Mcu.IP0=ADC1
Mcu.IP1=CAN
Mcu.IP10=SPI1
Mcu.IP11=SYS
Mcu.IP12=TIM1
Mcu.IP13=TIM2
Mcu.IP14=TIM4
Mcu.IP15=TIM6
Mcu.IP16=TIM7
Mcu.IP17=UART4
Mcu.IP18=USART1
Mcu.IP19=USART2
Mcu.IP2=CRC
Mcu.IP20=USART3
Mcu.IP3=DMA
Mcu.IP4=FREERTOS
Mcu.IP5=I2C1
Mcu.IP6=IWDG
Mcu.IP7=NVIC
Mcu.IP8=RCC
Mcu.IP9=RTC
Mcu.IPNb=21
Mcu.Name=STM32F103R(C-D-E)Tx
Mcu.Package=LQFP64
Mcu.Pin0=PC13-TAMPER-RTC
Mcu.Pin1=PC14-OSC32_IN
Mcu.Pin10=PA1
Mcu.Pin11=PA2
Mcu.Pin12=PA3
Mcu.Pin13=PA4
Mcu.Pin14=PA5
Mcu.Pin15=PA6
Mcu.Pin16=PA7
Mcu.Pin17=PC4
Mcu.Pin18=PC5
Mcu.Pin19=PB0
Mcu.Pin2=PC15-OSC32_OUT
Mcu.Pin20=PB1
Mcu.Pin21=PB10
Mcu.Pin22=PB11
Mcu.Pin23=PB12
Mcu.Pin24=PB13
Mcu.Pin25=PB15
Mcu.Pin26=PC9
Mcu.Pin27=PA9
Mcu.Pin28=PA10
Mcu.Pin29=PA11
Mcu.Pin3=PD0-OSC_IN
Mcu.Pin30=PA12
Mcu.Pin31=PA13
Mcu.Pin32=PA14
Mcu.Pin33=PA15
Mcu.Pin34=PC10
Mcu.Pin35=PC11
Mcu.Pin36=PB3
Mcu.Pin37=PB4
Mcu.Pin38=PB5
Mcu.Pin39=PB6
Mcu.Pin4=PD1-OSC_OUT
Mcu.Pin40=PB7
Mcu.Pin41=VP_CRC_VS_CRC
Mcu.Pin42=VP_FREERTOS_VS_CMSIS_V2
Mcu.Pin43=VP_IWDG_VS_IWDG
Mcu.Pin44=VP_RTC_VS_RTC_Activate
Mcu.Pin45=VP_RTC_VS_RTC_Calendar
Mcu.Pin46=VP_RTC_No_RTC_Output
Mcu.Pin47=VP_SYS_VS_tim5
Mcu.Pin48=VP_TIM1_VS_ClockSourceINT
Mcu.Pin49=VP_TIM4_VS_no_output1
Mcu.Pin5=PC0
Mcu.Pin50=VP_TIM4_VS_no_output2
Mcu.Pin51=VP_TIM6_VS_ClockSourceINT
Mcu.Pin52=VP_TIM7_VS_ClockSourceINT
Mcu.Pin6=PC1
Mcu.Pin7=PC2
Mcu.Pin8=PC3
Mcu.Pin9=PA0-WKUP
Mcu.PinsNb=53
Mcu.ThirdPartyNb=0
Mcu.UserConstants=
Mcu.UserName=STM32F103RDTx
MxCube.Version=6.3.0
MxDb.Version=DB.6.0.30
NVIC.BusFault_IRQn=true\:0\:0\:false\:false\:true\:false\:false\:false
NVIC.DMA1_Channel2_IRQn=true\:5\:0\:false\:false\:true\:true\:false\:true
NVIC.DMA1_Channel3_IRQn=true\:5\:0\:false\:false\:true\:true\:false\:true
NVIC.DMA1_Channel6_IRQn=true\:5\:0\:false\:false\:true\:true\:false\:true
NVIC.DMA1_Channel7_IRQn=true\:5\:0\:false\:false\:true\:true\:false\:true
NVIC.DMA2_Channel3_IRQn=true\:5\:0\:false\:false\:true\:true\:false\:true
NVIC.DMA2_Channel4_5_IRQn=true\:5\:0\:false\:false\:true\:true\:false\:true
NVIC.DebugMonitor_IRQn=true\:0\:0\:false\:false\:true\:false\:false\:false
NVIC.ForceEnableDMAVector=true
NVIC.HardFault_IRQn=true\:0\:0\:false\:false\:true\:false\:false\:false
NVIC.MemoryManagement_IRQn=true\:0\:0\:false\:false\:true\:false\:false\:false
NVIC.NonMaskableInt_IRQn=true\:0\:0\:false\:false\:true\:false\:false\:false
NVIC.PendSV_IRQn=true\:15\:0\:false\:false\:false\:true\:false\:false
NVIC.PriorityGroup=NVIC_PRIORITYGROUP_4
NVIC.SVCall_IRQn=true\:0\:0\:false\:false\:false\:false\:false\:false
NVIC.SavedPendsvIrqHandlerGenerated=true
NVIC.SavedSvcallIrqHandlerGenerated=true
NVIC.SavedSystickIrqHandlerGenerated=true
NVIC.SysTick_IRQn=true\:15\:0\:false\:false\:false\:true\:false\:true
NVIC.TIM1_UP_IRQn=true\:5\:0\:false\:false\:true\:true\:true\:true
NVIC.TIM4_IRQn=true\:5\:0\:false\:false\:true\:true\:true\:true
NVIC.TIM5_IRQn=true\:15\:0\:true\:false\:true\:false\:false\:true
NVIC.TIM6_IRQn=true\:5\:0\:false\:false\:true\:true\:true\:true
NVIC.TIM7_IRQn=true\:5\:0\:false\:false\:true\:true\:true\:true
NVIC.TimeBase=TIM5_IRQn
NVIC.TimeBaseIP=TIM5
NVIC.UART4_IRQn=true\:5\:0\:false\:false\:true\:true\:true\:true
NVIC.USART1_IRQn=true\:5\:0\:false\:false\:true\:true\:true\:true
NVIC.USART2_IRQn=true\:5\:0\:false\:false\:true\:true\:true\:true
NVIC.USART3_IRQn=true\:5\:0\:false\:false\:true\:true\:true\:true
NVIC.USB_LP_CAN1_RX0_IRQn=true\:5\:0\:false\:false\:true\:true\:true\:true
NVIC.UsageFault_IRQn=true\:0\:0\:false\:false\:true\:false\:false\:false
PA0-WKUP.GPIOParameters=GPIO_Label
PA0-WKUP.GPIO_Label=TIM2_PWM_OUTPUT_CHANNEL_1
PA0-WKUP.Signal=S_TIM2_CH1_ETR
PA1.GPIOParameters=GPIO_Label
PA1.GPIO_Label=TIM2_PWM_OUTPUT_CHANNEL_2
PA1.Signal=S_TIM2_CH2
PA10.Mode=Asynchronous
PA10.Signal=USART1_RX
PA11.Mode=CAN_Activate
PA11.Signal=CAN_RX
PA12.Mode=CAN_Activate
PA12.Signal=CAN_TX
PA13.Mode=Serial_Wire
PA13.Signal=SYS_JTMS-SWDIO
PA14.Mode=Serial_Wire
PA14.Signal=SYS_JTCK-SWCLK
PA15.GPIOParameters=GPIO_Label
PA15.GPIO_Label=DIGITAL_TUBE_PWR_EN
PA15.Locked=true
PA15.Signal=GPIO_Output
PA2.Locked=true
PA2.Mode=Asynchronous
PA2.Signal=USART2_TX
PA3.Locked=true
PA3.Mode=Asynchronous
PA3.Signal=USART2_RX
PA4.GPIOParameters=GPIO_Label
PA4.GPIO_Label=CHARGER_OUTPUT_EN
PA4.Locked=true
PA4.Signal=GPIO_Output
PA5.Mode=Simplex_Bidirectional_Master
PA5.Signal=SPI1_SCK
PA6.GPIOParameters=GPIO_Label
PA6.GPIO_Label=DIGITAL_TUBE_LOCK_EN
PA6.Locked=true
PA6.Signal=GPIO_Output
PA7.Mode=Simplex_Bidirectional_Master
PA7.Signal=SPI1_MOSI
PA9.Mode=Asynchronous
PA9.Signal=USART1_TX
PB0.GPIOParameters=GPIO_Label
PB0.GPIO_Label=USART3_RS485_DE
PB0.Locked=true
PB0.Signal=GPIO_Output
PB1.GPIOParameters=GPIO_Label
PB1.GPIO_Label=E2PROM_WP_EN
PB1.Locked=true
PB1.Signal=GPIO_Output
PB10.Mode=Asynchronous
PB10.Signal=USART3_TX
PB11.Mode=Asynchronous
PB11.Signal=USART3_RX
PB12.GPIOParameters=GPIO_PuPd,GPIO_Label
PB12.GPIO_Label=CL_CLEAR_WATER_PUMP_CTRL_EN
PB12.GPIO_PuPd=GPIO_PULLDOWN
PB12.Locked=true
PB12.Signal=GPIO_Output
PB13.GPIOParameters=GPIO_PuPd,GPIO_Label
PB13.GPIO_Label=CL_SEWAGE_PUMP_CTRL_EN
PB13.GPIO_PuPd=GPIO_PULLDOWN
PB13.Locked=true
PB13.Signal=GPIO_Output
PB15.GPIOParameters=GPIO_Label
PB15.GPIO_Label=WIRE_CHARGE_OUTPUT_EN
PB15.Locked=true
PB15.Signal=GPIO_Output
PB3.GPIOParameters=PinState,GPIO_Label
PB3.GPIO_Label=BT_POWER_EN
PB3.Locked=true
PB3.PinState=GPIO_PIN_SET
PB3.Signal=GPIO_Output
PB4.GPIOParameters=GPIO_PuPd,GPIO_Label
PB4.GPIO_Label=CL_WATER_LEVEL_SENSOR_STATUS_DETECT
PB4.GPIO_PuPd=GPIO_PULLUP
PB4.Locked=true
PB4.Signal=GPIO_Input
PB5.GPIOParameters=GPIO_Label
PB5.GPIO_Label=LED_R_EN
PB5.Locked=true
PB5.Signal=GPIO_Output
PB6.Mode=I2C
PB6.Signal=I2C1_SCL
PB7.Mode=I2C
PB7.Signal=I2C1_SDA
PC0.GPIOParameters=PinState,GPIO_Label
PC0.GPIO_Label=AUTO_CHARGE_OUTPUT_EN
PC0.Locked=true
PC0.PinState=GPIO_PIN_SET
PC0.Signal=GPIO_Output
PC1.GPIOParameters=GPIO_Label
PC1.GPIO_Label=STOP_CHARGE_CTRL_KEY
PC1.Locked=true
PC1.Signal=GPIO_Input
PC10.GPIOParameters=GPIO_Label
PC10.GPIO_Label=IRDA_TX
PC10.Mode=IrDA
PC10.Signal=UART4_TX
PC11.GPIOParameters=GPIO_Label
PC11.GPIO_Label=IRDA_RX
PC11.Mode=IrDA
PC11.Signal=UART4_RX
PC13-TAMPER-RTC.GPIOParameters=GPIO_PuPd,GPIO_Label
PC13-TAMPER-RTC.GPIO_Label=CL_ADD_WATER_VALVE_CTRL_EN
PC13-TAMPER-RTC.GPIO_PuPd=GPIO_NOPULL
PC13-TAMPER-RTC.Locked=true
PC13-TAMPER-RTC.Signal=GPIO_Output
PC14-OSC32_IN.GPIOParameters=GPIO_Label
PC14-OSC32_IN.GPIO_Label=CL_TRANSITION_BOX_VALVE_CTRLL_EN
PC14-OSC32_IN.Locked=true
PC14-OSC32_IN.Signal=GPIO_Output
PC15-OSC32_OUT.GPIOParameters=GPIO_Label
PC15-OSC32_OUT.GPIO_Label=CL_TRANSITION_BOX_DRAINAGE_PUMP_CTRL_EN
PC15-OSC32_OUT.Locked=true
PC15-OSC32_OUT.Signal=GPIO_Output
PC2.GPIOParameters=GPIO_Label
PC2.GPIO_Label=CHARGE_ELECTRODE_STATUS_KEY
PC2.Locked=true
PC2.Signal=GPIO_Input
PC3.GPIOParameters=GPIO_Label
PC3.GPIO_Label=CHARGER_FORCE_OUTPUT_KEY
PC3.Locked=true
PC3.Signal=GPIO_Input
PC4.GPIOParameters=GPIO_Label
PC4.GPIO_Label=TEMPERTURE_DETECT
PC4.Signal=ADCx_IN14
PC5.GPIOParameters=GPIO_Label
PC5.GPIO_Label=LED_G_EN
PC5.Locked=true
PC5.Signal=GPIO_Output
PC9.GPIOParameters=GPIO_Label
PC9.GPIO_Label=WIFI_PWR_EN
PC9.Locked=true
PC9.Signal=GPIO_Output
PD0-OSC_IN.Mode=HSE-External-Oscillator
PD0-OSC_IN.Signal=RCC_OSC_IN
PD1-OSC_OUT.Mode=HSE-External-Oscillator
PD1-OSC_OUT.Signal=RCC_OSC_OUT
PinOutPanel.RotationAngle=0
ProjectManager.AskForMigrate=true
ProjectManager.BackupPrevious=false
ProjectManager.CompilerOptimize=6
ProjectManager.ComputerToolchain=false
ProjectManager.CoupleFile=true
ProjectManager.CustomerFirmwarePackage=
ProjectManager.DefaultFWLocation=true
ProjectManager.DeletePrevious=true
ProjectManager.DeviceId=STM32F103RDTx
ProjectManager.FirmwarePackage=STM32Cube FW_F1 V1.8.4
ProjectManager.FreePins=true
ProjectManager.HalAssertFull=false
ProjectManager.HeapSize=0x200
ProjectManager.KeepUserCode=true
ProjectManager.LastFirmware=true
ProjectManager.LibraryCopy=2
ProjectManager.MainLocation=Src
ProjectManager.NoMain=false
ProjectManager.PreviousToolchain=
ProjectManager.ProjectBuild=false
ProjectManager.ProjectFileName=charge_pile_mcu_main.ioc
ProjectManager.ProjectName=charge_pile_mcu_main
ProjectManager.RegisterCallBack=
ProjectManager.StackSize=0x200
ProjectManager.TargetToolchain=Makefile
ProjectManager.ToolChainLocation=
ProjectManager.UnderRoot=false
ProjectManager.functionlistsort=1-MX_GPIO_Init-GPIO-false-HAL-true,2-SystemClock_Config-RCC-false-HAL-false,3-MX_DMA_Init-DMA-false-HAL-true,4-MX_ADC1_Init-ADC1-false-HAL-true,5-MX_CAN_Init-CAN-false-HAL-true,6-MX_RTC_Init-RTC-false-HAL-true,7-MX_SPI1_Init-SPI1-false-HAL-true,8-MX_TIM1_Init-TIM1-false-HAL-true,9-MX_TIM7_Init-TIM7-false-HAL-true,10-MX_UART4_IRDA_Init-UART4-false-HAL-true,11-MX_USART1_UART_Init-USART1-false-HAL-true,12-MX_CRC_Init-CRC-false-HAL-true,13-MX_I2C1_Init-I2C1-false-HAL-true,14-MX_TIM2_Init-TIM2-false-HAL-true,15-MX_TIM6_Init-TIM6-false-HAL-true,16-MX_USART2_UART_Init-USART2-false-HAL-true,17-MX_IWDG_Init-IWDG-false-HAL-true,18-MX_TIM4_Init-TIM4-false-HAL-true,19-MX_USART3_UART_Init-USART3-false-HAL-true
RCC.ADCFreqValue=12000000
RCC.ADCPresc=RCC_ADCPCLK2_DIV6
RCC.AHBFreq_Value=72000000
RCC.APB1CLKDivider=RCC_HCLK_DIV2
RCC.APB1Freq_Value=36000000
RCC.APB1TimFreq_Value=72000000
RCC.APB2Freq_Value=72000000
RCC.APB2TimFreq_Value=72000000
RCC.FCLKCortexFreq_Value=72000000
RCC.FamilyName=M
RCC.HCLKFreq_Value=72000000
RCC.HSE_VALUE=12000000
RCC.I2S2Freq_Value=72000000
RCC.I2S3Freq_Value=72000000
RCC.IPParameters=ADCFreqValue,ADCPresc,AHBFreq_Value,APB1CLKDivider,APB1Freq_Value,APB1TimFreq_Value,APB2Freq_Value,APB2TimFreq_Value,FCLKCortexFreq_Value,FamilyName,HCLKFreq_Value,HSE_VALUE,I2S2Freq_Value,I2S3Freq_Value,MCOFreq_Value,PLLCLKFreq_Value,PLLMCOFreq_Value,PLLMUL,PLLSourceVirtual,SDIOFreq_Value,SDIOHCLKDiv2FreqValue,SYSCLKFreq_VALUE,SYSCLKSource,TimSysFreq_Value,USBFreq_Value,VCOOutput2Freq_Value
RCC.MCOFreq_Value=72000000
RCC.PLLCLKFreq_Value=72000000
RCC.PLLMCOFreq_Value=36000000
RCC.PLLMUL=RCC_PLL_MUL6
RCC.PLLSourceVirtual=RCC_PLLSOURCE_HSE
RCC.SDIOFreq_Value=72000000
RCC.SDIOHCLKDiv2FreqValue=36000000
RCC.SYSCLKFreq_VALUE=72000000
RCC.SYSCLKSource=RCC_SYSCLKSOURCE_PLLCLK
RCC.TimSysFreq_Value=72000000
RCC.USBFreq_Value=72000000
RCC.VCOOutput2Freq_Value=12000000
RTC.Date=24
RTC.IPParameters=Year,Month,Date,WeekDay
RTC.Month=RTC_MONTH_SEPTEMBER
RTC.WeekDay=RTC_WEEKDAY_FRIDAY
RTC.Year=21
SH.ADCx_IN14.0=ADC1_IN14,IN14
SH.ADCx_IN14.ConfNb=1
SH.S_TIM2_CH1_ETR.0=TIM2_CH1,PWM Generation1 CH1
SH.S_TIM2_CH1_ETR.ConfNb=1
SH.S_TIM2_CH2.0=TIM2_CH2,PWM Generation2 CH2
SH.S_TIM2_CH2.ConfNb=1
SPI1.BaudRatePrescaler=SPI_BAUDRATEPRESCALER_4
SPI1.CalculateBaudRate=18.0 MBits/s
SPI1.Direction=SPI_DIRECTION_1LINE
SPI1.IPParameters=VirtualType,Mode,Direction,BaudRatePrescaler,CalculateBaudRate
SPI1.Mode=SPI_MODE_MASTER
SPI1.VirtualType=VM_MASTER
TIM1.AutoReloadPreload=TIM_AUTORELOAD_PRELOAD_ENABLE
TIM1.IPParameters=Prescaler,Period,AutoReloadPreload
TIM1.Period=5000 - 1
TIM1.Prescaler=72 - 1
TIM2.AutoReloadPreload=TIM_AUTORELOAD_PRELOAD_ENABLE
TIM2.Channel-PWM\ Generation1\ CH1=TIM_CHANNEL_1
TIM2.Channel-PWM\ Generation2\ CH2=TIM_CHANNEL_2
TIM2.IPParameters=Channel-PWM Generation1 CH1,Channel-PWM Generation2 CH2,Period,AutoReloadPreload,Pulse-PWM Generation1 CH1,Pulse-PWM Generation2 CH2
TIM2.Period=((72000 / 38) - 1)
TIM2.Pulse-PWM\ Generation1\ CH1=631
TIM2.Pulse-PWM\ Generation2\ CH2=631
TIM4.AutoReloadPreload=TIM_AUTORELOAD_PRELOAD_ENABLE
TIM4.Channel-Output\ Compare1\ No\ Output=TIM_CHANNEL_1
TIM4.Channel-Output\ Compare2\ No\ Output=TIM_CHANNEL_2
TIM4.IPParameters=Channel-Output Compare1 No Output,Channel-Output Compare2 No Output,Prescaler,Period,AutoReloadPreload,Pulse-Output Compare1 No Output,Pulse-Output Compare2 No Output,OC2Preload
TIM4.OC2Preload=DISABLE
TIM4.Period=1000
TIM4.Prescaler=72-1
TIM4.Pulse-Output\ Compare1\ No\ Output=100
TIM4.Pulse-Output\ Compare2\ No\ Output=100
TIM6.AutoReloadPreload=TIM_AUTORELOAD_PRELOAD_ENABLE
TIM6.IPParameters=Prescaler,Period,AutoReloadPreload
TIM6.Period=500-1
TIM6.Prescaler=72-1
TIM7.AutoReloadPreload=TIM_AUTORELOAD_PRELOAD_ENABLE
TIM7.IPParameters=Prescaler,Period,AutoReloadPreload
TIM7.Period=500-1
TIM7.Prescaler=72 - 1
UART4.BaudRate=115200
UART4.IPParameters=VirtualMode,BaudRate
UART4.VirtualMode=IrDA
USART1.IPParameters=VirtualMode
USART1.VirtualMode=VM_ASYNC
USART2.IPParameters=VirtualMode
USART2.VirtualMode=VM_ASYNC
USART3.IPParameters=VirtualMode
USART3.VirtualMode=VM_ASYNC
VP_CRC_VS_CRC.Mode=CRC_Activate
VP_CRC_VS_CRC.Signal=CRC_VS_CRC
VP_FREERTOS_VS_CMSIS_V2.Mode=CMSIS_V2
VP_FREERTOS_VS_CMSIS_V2.Signal=FREERTOS_VS_CMSIS_V2
VP_IWDG_VS_IWDG.Mode=IWDG_Activate
VP_IWDG_VS_IWDG.Signal=IWDG_VS_IWDG
VP_RTC_No_RTC_Output.Mode=RTC_OUT_NO
VP_RTC_No_RTC_Output.Signal=RTC_No_RTC_Output
VP_RTC_VS_RTC_Activate.Mode=RTC_Enabled
VP_RTC_VS_RTC_Activate.Signal=RTC_VS_RTC_Activate
VP_RTC_VS_RTC_Calendar.Mode=RTC_Calendar
VP_RTC_VS_RTC_Calendar.Signal=RTC_VS_RTC_Calendar
VP_SYS_VS_tim5.Mode=TIM5
VP_SYS_VS_tim5.Signal=SYS_VS_tim5
VP_TIM1_VS_ClockSourceINT.Mode=Internal
VP_TIM1_VS_ClockSourceINT.Signal=TIM1_VS_ClockSourceINT
VP_TIM4_VS_no_output1.Mode=Output Compare1 No Output
VP_TIM4_VS_no_output1.Signal=TIM4_VS_no_output1
VP_TIM4_VS_no_output2.Mode=Output Compare2 No Output
VP_TIM4_VS_no_output2.Signal=TIM4_VS_no_output2
VP_TIM6_VS_ClockSourceINT.Mode=Enable_Timer
VP_TIM6_VS_ClockSourceINT.Signal=TIM6_VS_ClockSourceINT
VP_TIM7_VS_ClockSourceINT.Mode=Enable_Timer
VP_TIM7_VS_ClockSourceINT.Signal=TIM7_VS_ClockSourceINT
board=custom
